
Microsoft Visual Studio Solution File, Format Version 12.00
# Visual Studio 15
VisualStudioVersion = 15.0.27130.2010
MinimumVisualStudioVersion = 10.0.40219.1
Project("{FAE04EC0-301F-11D3-BF4B-00C04F79EFBC}") = "H12CSHARP", "H12CSHARP\H12CSHARP.csproj", "{F3A1FA8D-D1C8-4827-A12E-1E3BE0B3909B}"
EndProject
Global
	GlobalSection(SolutionConfigurationPlatforms) = preSolution
		Debug|Any CPU = Debug|Any CPU
		Release|Any CPU = Release|Any CPU
	EndGlobalSection
	GlobalSection(ProjectConfigurationPlatforms) = postSolution
		{F3A1FA8D-D1C8-4827-A12E-1E3BE0B3909B}.Debug|Any CPU.ActiveCfg = Debug|Any CPU
		{F3A1FA8D-D1C8-4827-A12E-1E3BE0B3909B}.Debug|Any CPU.Build.0 = Debug|Any CPU
		{F3A1FA8D-D1C8-4827-A12E-1E3BE0B3909B}.Release|Any CPU.ActiveCfg = Release|Any CPU
		{F3A1FA8D-D1C8-4827-A12E-1E3BE0B3909B}.Release|Any CPU.Build.0 = Release|Any CPU
	EndGlobalSection
	GlobalSection(SolutionProperties) = preSolution
		HideSolutionNode = FALSE
	EndGlobalSection
	GlobalSection(ExtensibilityGlobals) = postSolution
		SolutionGuid = {F4BCE119-25EC-44E2-9FBB-9D9C1F9366CB}
	EndGlobalSection
EndGlobal
